
Microsoft Visual Studio Solution File, Format Version 12.00
# Visual Studio Version 17
VisualStudioVersion = 17.14.36109.1 d17.14
MinimumVisualStudioVersion = 10.0.40219.1
Project("{FAE04EC0-301F-11D3-BF4B-00C04F79EFBC}") = "Proyecto II Juan Pablo Murillo Jimenez", "Proyecto II Juan Pablo Murillo Jimenez\Proyecto II Juan Pablo Murillo Jimenez.csproj", "{7839266E-7692-4EFC-BEAD-5A4CCC88BFE2}"
EndProject
Global
	GlobalSection(SolutionConfigurationPlatforms) = preSolution
		Debug|Any CPU = Debug|Any CPU
		Release|Any CPU = Release|Any CPU
	EndGlobalSection
	GlobalSection(ProjectConfigurationPlatforms) = postSolution
		{7839266E-7692-4EFC-BEAD-5A4CCC88BFE2}.Debug|Any CPU.ActiveCfg = Debug|Any CPU
		{7839266E-7692-4EFC-BEAD-5A4CCC88BFE2}.Debug|Any CPU.Build.0 = Debug|Any CPU
		{7839266E-7692-4EFC-BEAD-5A4CCC88BFE2}.Release|Any CPU.ActiveCfg = Release|Any CPU
		{7839266E-7692-4EFC-BEAD-5A4CCC88BFE2}.Release|Any CPU.Build.0 = Release|Any CPU
	EndGlobalSection
	GlobalSection(SolutionProperties) = preSolution
		HideSolutionNode = FALSE
	EndGlobalSection
	GlobalSection(ExtensibilityGlobals) = postSolution
		SolutionGuid = {7B06A831-F7CE-499E-B42E-3EF258F91DAC}
	EndGlobalSection
EndGlobal
